
Microsoft Visual Studio Solution File, Format Version 12.00
# Visual Studio Version 17
VisualStudioVersion = 17.5.33516.290
MinimumVisualStudioVersion = 10.0.40219.1
Project("{9A19103F-16F7-4668-BE54-9A1E7A4F7556}") = "Server", "Server\Server.csproj", "{A1A6B016-F4F7-4A85-A4C7-C6D2F93BB8AB}"
EndProject
Project("{FAE04EC0-301F-11D3-BF4B-00C04F79EFBC}") = "Client", "Client\Client.csproj", "{759BDFCC-FD20-4897-BF02-8BD072C4C999}"
EndProject
Global
	GlobalSection(SolutionConfigurationPlatforms) = preSolution
		Debug|Any CPU = Debug|Any CPU
		Release|Any CPU = Release|Any CPU
	EndGlobalSection
	GlobalSection(ProjectConfigurationPlatforms) = postSolution
		{A1A6B016-F4F7-4A85-A4C7-C6D2F93BB8AB}.Debug|Any CPU.ActiveCfg = Debug|Any CPU
		{A1A6B016-F4F7-4A85-A4C7-C6D2F93BB8AB}.Debug|Any CPU.Build.0 = Debug|Any CPU
		{A1A6B016-F4F7-4A85-A4C7-C6D2F93BB8AB}.Release|Any CPU.ActiveCfg = Release|Any CPU
		{A1A6B016-F4F7-4A85-A4C7-C6D2F93BB8AB}.Release|Any CPU.Build.0 = Release|Any CPU
		{759BDFCC-FD20-4897-BF02-8BD072C4C999}.Debug|Any CPU.ActiveCfg = Debug|Any CPU
		{759BDFCC-FD20-4897-BF02-8BD072C4C999}.Debug|Any CPU.Build.0 = Debug|Any CPU
		{759BDFCC-FD20-4897-BF02-8BD072C4C999}.Release|Any CPU.ActiveCfg = Release|Any CPU
		{759BDFCC-FD20-4897-BF02-8BD072C4C999}.Release|Any CPU.Build.0 = Release|Any CPU
	EndGlobalSection
	GlobalSection(SolutionProperties) = preSolution
		HideSolutionNode = FALSE
	EndGlobalSection
	GlobalSection(ExtensibilityGlobals) = postSolution
		SolutionGuid = {84F93139-D7C6-4541-A0C8-2E43EE64BAE6}
	EndGlobalSection
EndGlobal
